PODS:
  - Alamofire (4.9.1)
  - AnimatedTabBar (0.1.7)
  - AppAuth (1.3.0):
    - AppAuth/Core (= 1.3.0)
    - AppAuth/ExternalUserAgent (= 1.3.0)
  - AppAuth/Core (1.3.0)
  - AppAuth/ExternalUserAgent (1.3.0)
  - AutoInch (1.3.1)
  - Bugly (2.5.2)
  - Crashlytics (3.13.3):
    - Fabric (~> 1.10.2)
  - DynamicColor (4.2.0)
  - EFIconFont/AntDesign (0.8.0):
    - EFIconFont/Core
  - EFIconFont/Complete (0.8.0):
    - EFIconFont/AntDesign
    - EFIconFont/Core
    - EFIconFont/Dashicons
    - EFIconFont/Devicons
    - EFIconFont/ElusiveIcons
    - EFIconFont/EvilIcons
    - EFIconFont/FontAwesomeBrands
    - EFIconFont/FontAwesomeRegular
    - EFIconFont/FontAwesomeSolid
    - EFIconFont/GenericonsNeue
    - EFIconFont/HawconsFilled
    - EFIconFont/HawconsStroke
    - EFIconFont/IcoMoon
    - EFIconFont/Ionicons
    - EFIconFont/LigatureSymbols
    - EFIconFont/MapIcons
    - EFIconFont/MaterialIconsFilled
    - EFIconFont/MaterialIconsOutlined
    - EFIconFont/MaterialIconsRounded
    - EFIconFont/MaterialIconsSharp
    - EFIconFont/Meteocons
    - EFIconFont/MetrizeIcons
    - EFIconFont/OpenIconic
    - EFIconFont/StrawberryIcon
    - EFIconFont/Stroke7
    - EFIconFont/ThemifyIcons
    - EFIconFont/Typicons
    - EFIconFont/VSCodeIcons
    - EFIconFont/WeatherIcons
  - EFIconFont/Core (0.8.0)
  - EFIconFont/Dashicons (0.8.0):
    - EFIconFont/Core
  - EFIconFont/Devicons (0.8.0):
    - EFIconFont/Core
  - EFIconFont/ElusiveIcons (0.8.0):
    - EFIconFont/Core
  - EFIconFont/EvilIcons (0.8.0):
    - EFIconFont/Core
  - EFIconFont/FontAwesomeBrands (0.8.0):
    - EFIconFont/Core
  - EFIconFont/FontAwesomeRegular (0.8.0):
    - EFIconFont/Core
  - EFIconFont/FontAwesomeSolid (0.8.0):
    - EFIconFont/Core
  - EFIconFont/GenericonsNeue (0.8.0):
    - EFIconFont/Core
  - EFIconFont/HawconsFilled (0.8.0):
    - EFIconFont/Core
  - EFIconFont/HawconsStroke (0.8.0):
    - EFIconFont/Core
  - EFIconFont/IcoMoon (0.8.0):
    - EFIconFont/Core
  - EFIconFont/Ionicons (0.8.0):
    - EFIconFont/Core
  - EFIconFont/LigatureSymbols (0.8.0):
    - EFIconFont/Core
  - EFIconFont/MapIcons (0.8.0):
    - EFIconFont/Core
  - EFIconFont/MaterialIconsFilled (0.8.0):
    - EFIconFont/Core
  - EFIconFont/MaterialIconsOutlined (0.8.0):
    - EFIconFont/Core
  - EFIconFont/MaterialIconsRounded (0.8.0):
    - EFIconFont/Core
  - EFIconFont/MaterialIconsSharp (0.8.0):
    - EFIconFont/Core
  - EFIconFont/Meteocons (0.8.0):
    - EFIconFont/Core
  - EFIconFont/MetrizeIcons (0.8.0):
    - EFIconFont/Core
  - EFIconFont/OpenIconic (0.8.0):
    - EFIconFont/Core
  - EFIconFont/StrawberryIcon (0.8.0):
    - EFIconFont/Core
  - EFIconFont/Stroke7 (0.8.0):
    - EFIconFont/Core
  - EFIconFont/ThemifyIcons (0.8.0):
    - EFIconFont/Core
  - EFIconFont/Typicons (0.8.0):
    - EFIconFont/Core
  - EFIconFont/VSCodeIcons (0.8.0):
    - EFIconFont/Core
  - EFIconFont/WeatherIcons (0.8.0):
    - EFIconFont/Core
  - Fabric (1.10.2)
  - FeedKit (8.1.1)
  - Firebase/Analytics (6.16.0):
    - Firebase/Core
  - Firebase/Auth (6.16.0):
    - Firebase/CoreOnly
    - FirebaseAuth (~> 6.4.3)
  - Firebase/Core (6.16.0):
    - Firebase/CoreOnly
    - FirebaseAnalytics (= 6.2.2)
  - Firebase/CoreOnly (6.16.0):
    - FirebaseCore (= 6.6.1)
  - FirebaseAnalytics (6.2.2):
    - FirebaseCore (~> 6.6)
    - FirebaseInstanceID (~> 4.3)
    - GoogleAppMeasurement (= 6.2.2)
    - GoogleUtilities/AppDelegateSwizzler (~> 6.0)
    - GoogleUtilities/MethodSwizzler (~> 6.0)
    - GoogleUtilities/Network (~> 6.0)
    - "GoogleUtilities/NSData+zlib (~> 6.0)"
    - nanopb (= 0.3.9011)
  - FirebaseAuth (6.4.3):
    - FirebaseAuthInterop (~> 1.0)
    - FirebaseCore (~> 6.6)
    - GoogleUtilities/AppDelegateSwizzler (~> 6.5)
    - GoogleUtilities/Environment (~> 6.5)
    - GTMSessionFetcher/Core (~> 1.1)
  - FirebaseAuthInterop (1.0.0)
  - FirebaseCore (6.6.1):
    - FirebaseCoreDiagnostics (~> 1.2)
    - FirebaseCoreDiagnosticsInterop (~> 1.2)
    - GoogleUtilities/Environment (~> 6.5)
    - GoogleUtilities/Logger (~> 6.5)
  - FirebaseCoreDiagnostics (1.2.0):
    - FirebaseCoreDiagnosticsInterop (~> 1.2)
    - GoogleDataTransportCCTSupport (~> 1.3)
    - GoogleUtilities/Environment (~> 6.5)
    - GoogleUtilities/Logger (~> 6.5)
    - nanopb (~> 0.3.901)
  - FirebaseCoreDiagnosticsInterop (1.2.0)
  - FirebaseInstallations (1.1.0):
    - FirebaseCore (~> 6.6)
    - GoogleUtilities/UserDefaults (~> 6.5)
    - PromisesObjC (~> 1.2)
  - FirebaseInstanceID (4.3.0):
    - FirebaseCore (~> 6.6)
    - FirebaseInstallations (~> 1.0)
    - GoogleUtilities/Environment (~> 6.5)
    - GoogleUtilities/UserDefaults (~> 6.5)
  - FirebaseUI/Auth (8.4.1):
    - Firebase/Auth (~> 6.0)
    - GoogleUtilities/UserDefaults
  - FirebaseUI/Google (8.4.1):
    - FirebaseUI/Auth
    - GoogleSignIn (~> 5.0)
  - GDTMobSDK (4.10.19):
    - GDTMobSDK/GDTMobSDK (= 4.10.19)
  - GDTMobSDK/GDTMobSDK (4.10.19)
  - GoogleAppMeasurement (6.2.2):
    - GoogleUtilities/AppDelegateSwizzler (~> 6.0)
    - GoogleUtilities/MethodSwizzler (~> 6.0)
    - GoogleUtilities/Network (~> 6.0)
    - "GoogleUtilities/NSData+zlib (~> 6.0)"
    - nanopb (= 0.3.9011)
  - GoogleDataTransport (3.3.1)
  - GoogleDataTransportCCTSupport (1.3.1):
    - GoogleDataTransport (~> 3.3)
    - nanopb (~> 0.3.901)
  - GoogleSignIn (5.0.2):
    - AppAuth (~> 1.2)
    - GTMAppAuth (~> 1.0)
    - GTMSessionFetcher/Core (~> 1.1)
  - GoogleUtilities/AppDelegateSwizzler (6.5.1):
    - GoogleUtilities/Environment
    - GoogleUtilities/Logger
    - GoogleUtilities/Network
  - GoogleUtilities/Environment (6.5.1)
  - GoogleUtilities/Logger (6.5.1):
    - GoogleUtilities/Environment
  - GoogleUtilities/MethodSwizzler (6.5.1):
    - GoogleUtilities/Logger
  - GoogleUtilities/Network (6.5.1):
    - GoogleUtilities/Logger
    - "GoogleUtilities/NSData+zlib"
    - GoogleUtilities/Reachability
  - "GoogleUtilities/NSData+zlib (6.5.1)"
  - GoogleUtilities/Reachability (6.5.1):
    - GoogleUtilities/Logger
  - GoogleUtilities/UserDefaults (6.5.1):
    - GoogleUtilities/Logger
  - GTMAppAuth (1.0.0):
    - AppAuth/Core (~> 1.0)
    - GTMSessionFetcher (~> 1.1)
  - GTMSessionFetcher (1.3.1):
    - GTMSessionFetcher/Full (= 1.3.1)
  - GTMSessionFetcher/Core (1.3.1)
  - GTMSessionFetcher/Full (1.3.1):
    - GTMSessionFetcher/Core (= 1.3.1)
  - Hero (1.5.0)
  - JCore (2.1.8)
  - JPush (3.2.8):
    - JCore (< 3.0.0, >= 2.0.0)
  - JXSegmentedView (1.0.4)
  - KeychainAccess (4.1.0)
  - lottie-ios (3.1.1)
  - Moya (13.0.1):
    - Moya/Core (= 13.0.1)
  - Moya/Core (13.0.1):
    - Alamofire (~> 4.1)
    - Result (~> 4.1)
  - nanopb (0.3.9011):
    - nanopb/decode (= 0.3.9011)
    - nanopb/encode (= 0.3.9011)
  - nanopb/decode (0.3.9011)
  - nanopb/encode (0.3.9011)
  - Nuke (8.0.1)
  - NVActivityIndicatorView (4.8.0):
    - NVActivityIndicatorView/Presenter (= 4.8.0)
  - NVActivityIndicatorView/Presenter (4.8.0)
  - OfficeUIFabric (0.2.11)
  - pop (1.0.12)
  - PromisesObjC (1.2.8)
  - PullToReach (0.1.2)
  - Result (4.1.0)
  - RxCocoa (5.0.1):
    - RxRelay (~> 5)
    - RxSwift (~> 5)
  - RxRelay (5.0.1):
    - RxSwift (~> 5)
  - RxSwift (5.0.1)
  - SHFullscreenPopGestureSwift (1.2.1)
  - Siren (5.2.3)
  - SnapKit (4.0.1)
  - SQLiteRepairKit (1.2.2):
    - WCDBOptimizedSQLCipher (~> 1.2.0)
  - SwiftyJSON (5.0.0)
  - VIMediaCache (0.4)
  - WCDB.swift (1.0.8.2):
    - SQLiteRepairKit (~> 1.2.0)
    - WCDBOptimizedSQLCipher (~> 1.2.0)
  - WCDBOptimizedSQLCipher (1.2.1)
  - WechatOpenSDK (1.8.6)
  - WhatsNewKit (1.3.1)
  - YYKit (1.0.9):
    - YYKit/no-arc (= 1.0.9)
  - YYKit/no-arc (1.0.9)

DEPENDENCIES:
  - AnimatedTabBar
  - AutoInch
  - Bugly
  - Crashlytics (= 3.13.3)
  - DynamicColor (~> 4.2.0)
  - EFIconFont/Complete
  - Fabric (= 1.10.2)
  - FeedKit (~> 8.0)
  - Firebase/Analytics
  - FirebaseUI/Auth
  - FirebaseUI/Google
  - GDTMobSDK (~> 4.10.5)
  - Hero
  - JPush
  - JXSegmentedView
  - KeychainAccess
  - lottie-ios (= 3.1.1)
  - Moya
  - Nuke (~> 8.0.1)
  - NVActivityIndicatorView
  - OfficeUIFabric (= 0.2.11)
  - pop (~> 1.0)
  - PullToReach
  - RxCocoa
  - RxSwift
  - SHFullscreenPopGestureSwift
  - Siren
  - SnapKit (~> 4.0.0)
  - SwiftyJSON
  - VIMediaCache
  - WCDB.swift
  - WechatOpenSDK
  - WhatsNewKit
  - YYKit

SPEC REPOS:
  https://github.com/CocoaPods/Specs.git:
    - Alamofire
    - AnimatedTabBar
    - AppAuth
    - AutoInch
    - Bugly
    - Crashlytics
    - DynamicColor
    - EFIconFont
    - Fabric
    - FeedKit
    - Firebase
    - FirebaseAnalytics
    - FirebaseAuth
    - FirebaseAuthInterop
    - FirebaseCore
    - FirebaseCoreDiagnostics
    - FirebaseCoreDiagnosticsInterop
    - FirebaseInstallations
    - FirebaseInstanceID
    - FirebaseUI
    - GDTMobSDK
    - GoogleAppMeasurement
    - GoogleDataTransport
    - GoogleDataTransportCCTSupport
    - GoogleSignIn
    - GoogleUtilities
    - GTMAppAuth
    - GTMSessionFetcher
    - Hero
    - JCore
    - JPush
    - JXSegmentedView
    - KeychainAccess
    - lottie-ios
    - Moya
    - nanopb
    - Nuke
    - NVActivityIndicatorView
    - OfficeUIFabric
    - pop
    - PromisesObjC
    - PullToReach
    - Result
    - RxCocoa
    - RxRelay
    - RxSwift
    - SHFullscreenPopGestureSwift
    - Siren
    - SnapKit
    - SQLiteRepairKit
    - SwiftyJSON
    - VIMediaCache
    - WCDB.swift
    - WCDBOptimizedSQLCipher
    - WechatOpenSDK
    - WhatsNewKit
    - YYKit

SPEC CHECKSUMS:
  Alamofire: 85e8a02c69d6020a0d734f6054870d7ecb75cf18
  AnimatedTabBar: ce6bc2c2993bd74b4b51c7977631e3321f417095
  AppAuth: 73574f3013a1e65b9601a3ddc8b3158cce68c09d
  AutoInch: f70a38b393dc2ce21e7f0bbceb5b2a0abe898575
  Bugly: dbac48b55ad469a97cc4321045cd50df8f63d44f
  Crashlytics: 2aa08cd61fb1d62718c4e653169461d1d7377de2
  DynamicColor: c475f66bda1cabf602f2c54ac1171c0c07148a5a
  EFIconFont: dce94c0ce96ba8445898de3d90376acb985d9ead
  Fabric: 706c8b8098fff96c33c0db69cbf81f9c551d0d74
  FeedKit: 3418eed25f0b493b205b4de1b8511ac21d413fa9
  Firebase: 497158b816d0a86fc31babbd05546fcd7e6083ff
  FirebaseAnalytics: cf95d3aab897612783020fbd98401d5366f135ee
  FirebaseAuth: 5ce2b03a3d7fe56b7a6e4c5ec7ff1522890b1d6f
  FirebaseAuthInterop: 0ffa57668be100582bb7643d4fcb7615496c41fc
  FirebaseCore: 85064903ed6c28e47fec9c7bd149d94ba1b6b6e7
  FirebaseCoreDiagnostics: 5e78803ab276bc5b50340e3c539c06c3de35c649
  FirebaseCoreDiagnosticsInterop: 296e2c5f5314500a850ad0b83e9e7c10b011a850
  FirebaseInstallations: 575cd32f2aec0feeb0e44f5d0110a09e5e60b47b
  FirebaseInstanceID: 6668efc1655a4052c083f287a7141f1ead12f9c2
  FirebaseUI: 69f7e480265758a9a9ea39915694b0949bcab23f
  GDTMobSDK: 7cadef357ef98125c5fb4e3cb9e50f3afe7801f4
  GoogleAppMeasurement: d0560d915abf15e692e8538ba1d58442217b6aff
  GoogleDataTransport: 0048df6388dab1c254799f2a30365b1dffe20422
  GoogleDataTransportCCTSupport: f880d70972efa2ed1be4e9173a0f4c5f3dc2d176
  GoogleSignIn: 7137d297ddc022a7e0aa4619c86d72c909fa7213
  GoogleUtilities: 06eb53bb579efe7099152735900dd04bf09e7275
  GTMAppAuth: 4deac854479704f348309e7b66189e604cf5e01e
  GTMSessionFetcher: cea130bbfe5a7edc8d06d3f0d17288c32ffe9925
  Hero: b7385b75e7259da62f4f85462f59a5082d66b058
  JCore: a7f1dead960d77a97717c73ea8b0aa5b33706491
  JPush: 8ce888d6dedfa417e90c8b6bc87405a16ce2e699
  JXSegmentedView: b278b4c5d4c4c2982b4e084cef76ff1ddd37c6a5
  KeychainAccess: 445e28864fe6d3458b41fa211bcdc39890e8bd5a
  lottie-ios: 43a472d22b2dd2bed292cc4010c0b4d2e66d3ba8
  Moya: f4a4b80ff2f8a4ffc208dfb31cd91636622fee6e
  nanopb: 18003b5e52dab79db540fe93fe9579f399bd1ccd
  Nuke: e6a65472f59c1bfe779cb495760951f0121ef7c0
  NVActivityIndicatorView: d24b7ebcf80af5dcd994adb650e2b6c93379270f
  OfficeUIFabric: 63cc5002ab0aa509bd7941ba2542618856150e7c
  pop: d582054913807fd11fd50bfe6a539d91c7e1a55a
  PromisesObjC: c119f3cd559f50b7ae681fa59dc1acd19173b7e6
  PullToReach: 0e747e10403d2827277f8728151ad7998d4576eb
  Result: bd966fac789cc6c1563440b348ab2598cc24d5c7
  RxCocoa: e741b9749968e8a143e2b787f1dfbff2b63d0a5c
  RxRelay: 89d54507f4fd4d969e6ec1d4bd7f3673640b4640
  RxSwift: e2dc62b366a3adf6a0be44ba9f405efd4c94e0c4
  SHFullscreenPopGestureSwift: 96c20749695c8fbf14a29feb5ece469d7a909a41
  Siren: 996f37869eae1f343f8c11f17d90c9c8da90bd4c
  SnapKit: 0de968a9fec17499afa29683b05d0c775b6d1c29
  SQLiteRepairKit: 35aaae5a8838adb85f5b1eb4d796055be6060a4b
  SwiftyJSON: 36413e04c44ee145039d332b4f4e2d3e8d6c4db7
  VIMediaCache: aa650f82cb114c68a343beb4e67416cf5eb2f3a2
  WCDB.swift: 05d509d7a0e60fb6e11c34eb7e4027c0fab5849f
  WCDBOptimizedSQLCipher: baf44493b0c7a3d49e97bc5b64a3856f6428ddd1
  WechatOpenSDK: 368ae03b72ee3ea1328c4f11326fbb5d2721d118
  WhatsNewKit: fc8ca82510148c030d66b3bb9b937175f8dcb3fd
  YYKit: 7cda43304a8dc3696c449041e2cb3107b4e236e7

PODFILE CHECKSUM: 12494a09b15dc967e835cd7a0ec47a2d961b8444

COCOAPODS: 1.8.4
